// !$*UTF8*$!
{
	archiveVersion = 1;
	classes = {
	};
	objectVersion = 46;
	objects = {

/* Begin PBXBuildFile section */
		100891F61E34E24D00702F12 /* AppDelegate.swift in Sources */ = {isa = PBXBuildFile; fileRef = 100891F51E34E24D00702F12 /* AppDelegate.swift */; };
		100891F81E34E24D00702F12 /* ViewController.swift in Sources */ = {isa = PBXBuildFile; fileRef = 100891F71E34E24D00702F12 /* ViewController.swift */; };
		100891FB1E34E24D00702F12 /* Main.storyboard in Resources */ = {isa = PBXBuildFile; fileRef = 100891F91E34E24D00702F12 /* Main.storyboard */; };
		100891FE1E34E24D00702F12 /* petpetSwift.xcdatamodeld in Sources */ = {isa = PBXBuildFile; fileRef = 100891FC1E34E24D00702F12 /* petpetSwift.xcdatamodeld */; };
		100892001E34E24D00702F12 /* Assets.xcassets in Resources */ = {isa = PBXBuildFile; fileRef = 100891FF1E34E24D00702F12 /* Assets.xcassets */; };
		100892031E34E24D00702F12 /* LaunchScreen.storyboard in Resources */ = {isa = PBXBuildFile; fileRef = 100892011E34E24D00702F12 /* LaunchScreen.storyboard */; };
		1008920E1E34E24D00702F12 /* petpetSwiftTests.swift in Sources */ = {isa = PBXBuildFile; fileRef = 1008920D1E34E24D00702F12 /* petpetSwiftTests.swift */; };
		100892191E34E24D00702F12 /* petpetSwiftUITests.swift in Sources */ = {isa = PBXBuildFile; fileRef = 100892181E34E24D00702F12 /* petpetSwiftUITests.swift */; };
		1082C7C81E34E3C9005F14AC /* networkModule.swift in Sources */ = {isa = PBXBuildFile; fileRef = 1082C7C71E34E3C9005F14AC /* networkModule.swift */; };
		B3508318404D0280F64D873A /* Pods_petpetSwift.framework in Frameworks */ = {isa = PBXBuildFile; fileRef = C168C9251A1637F335A8ABAF /* Pods_petpetSwift.framework */; };
/* End PBXBuildFile section */

/* Begin PBXContainerItemProxy section */
		1008920A1E34E24D00702F12 /* PBXContainerItemProxy */ = {
			isa = PBXContainerItemProxy;
			containerPortal = 100891EA1E34E24D00702F12 /* Project object */;
			proxyType = 1;
			remoteGlobalIDString = 100891F11E34E24D00702F12;
			remoteInfo = petpetSwift;
		};
		100892151E34E24D00702F12 /* PBXContainerItemProxy */ = {
			isa = PBXContainerItemProxy;
			containerPortal = 100891EA1E34E24D00702F12 /* Project object */;
			proxyType = 1;
			remoteGlobalIDString = 100891F11E34E24D00702F12;
			remoteInfo = petpetSwift;
		};
/* End PBXContainerItemProxy section */

/* Begin PBXFileReference section */
		100891F21E34E24D00702F12 /* petpetSwift.app */ = {isa = PBXFileReference; explicitFileType = wrapper.application; includeInIndex = 0; path = petpetSwift.app; sourceTree = BUILT_PRODUCTS_DIR; };
		100891F51E34E24D00702F12 /* AppDelegate.swift */ = {isa = PBXFileReference; lastKnownFileType = sourcecode.swift; path = AppDelegate.swift; sourceTree = "<group>"; };
		100891F71E34E24D00702F12 /* ViewController.swift */ = {isa = PBXFileReference; lastKnownFileType = sourcecode.swift; path = ViewController.swift; sourceTree = "<group>"; };
		100891FA1E34E24D00702F12 /* Base */ = {isa = PBXFileReference; lastKnownFileType = file.storyboard; name = Base; path = Base.lproj/Main.storyboard; sourceTree = "<group>"; };
		100891FD1E34E24D00702F12 /* petpetSwift.xcdatamodel */ = {isa = PBXFileReference; lastKnownFileType = wrapper.xcdatamodel; path = petpetSwift.xcdatamodel; sourceTree = "<group>"; };
		100891FF1E34E24D00702F12 /* Assets.xcassets */ = {isa = PBXFileReference; lastKnownFileType = folder.assetcatalog; path = Assets.xcassets; sourceTree = "<group>"; };
		100892021E34E24D00702F12 /* Base */ = {isa = PBXFileReference; lastKnownFileType = file.storyboard; name = Base; path = Base.lproj/LaunchScreen.storyboard; sourceTree = "<group>"; };
		100892041E34E24D00702F12 /* Info.plist */ = {isa = PBXFileReference; lastKnownFileType = text.plist.xml; path = Info.plist; sourceTree = "<group>"; };
		100892091E34E24D00702F12 /* petpetSwiftTests.xctest */ = {isa = PBXFileReference; explicitFileType = wrapper.cfbundle; includeInIndex = 0; path = petpetSwiftTests.xctest; sourceTree = BUILT_PRODUCTS_DIR; };
		1008920D1E34E24D00702F12 /* petpetSwiftTests.swift */ = {isa = PBXFileReference; lastKnownFileType = sourcecode.swift; path = petpetSwiftTests.swift; sourceTree = "<group>"; };
		1008920F1E34E24D00702F12 /* Info.plist */ = {isa = PBXFileReference; lastKnownFileType = text.plist.xml; path = Info.plist; sourceTree = "<group>"; };
		100892141E34E24D00702F12 /* petpetSwiftUITests.xctest */ = {isa = PBXFileReference; explicitFileType = wrapper.cfbundle; includeInIndex = 0; path = petpetSwiftUITests.xctest; sourceTree = BUILT_PRODUCTS_DIR; };
		100892181E34E24D00702F12 /* petpetSwiftUITests.swift */ = {isa = PBXFileReference; lastKnownFileType = sourcecode.swift; path = petpetSwiftUITests.swift; sourceTree = "<group>"; };
		1008921A1E34E24D00702F12 /* Info.plist */ = {isa = PBXFileReference; lastKnownFileType = text.plist.xml; path = Info.plist; sourceTree = "<group>"; };
		100892261E34E2F000702F12 /* petpetSwift-Bridging-Header.h */ = {isa = PBXFileReference; lastKnownFileType = sourcecode.c.h; path = "petpetSwift-Bridging-Header.h"; sourceTree = "<group>"; };
		1082C7C71E34E3C9005F14AC /* networkModule.swift */ = {isa = PBXFileReference; fileEncoding = 4; lastKnownFileType = sourcecode.swift; path = networkModule.swift; sourceTree = "<group>"; };
		583BD41200A4015436AE0E56 /* Pods-petpetSwift.debug.xcconfig */ = {isa = PBXFileReference; includeInIndex = 1; lastKnownFileType = text.xcconfig; name = "Pods-petpetSwift.debug.xcconfig"; path = "Pods/Target Support Files/Pods-petpetSwift/Pods-petpetSwift.debug.xcconfig"; sourceTree = "<group>"; };
		C168C9251A1637F335A8ABAF /* Pods_petpetSwift.framework */ = {isa = PBXFileReference; explicitFileType = wrapper.framework; includeInIndex = 0; path = Pods_petpetSwift.framework; sourceTree = BUILT_PRODUCTS_DIR; };
		E3C2F71FE38409B14D2785FD /* Pods-petpetSwift.release.xcconfig */ = {isa = PBXFileReference; includeInIndex = 1; lastKnownFileType = text.xcconfig; name = "Pods-petpetSwift.release.xcconfig"; path = "Pods/Target Support Files/Pods-petpetSwift/Pods-petpetSwift.release.xcconfig"; sourceTree = "<group>"; };
/* End PBXFileReference section */

/* Begin PBXFrameworksBuildPhase section */
		100891EF1E34E24D00702F12 /* Frameworks */ = {
			isa = PBXFrameworksBuildPhase;
			buildActionMask = 2147483647;
			files = (
				B3508318404D0280F64D873A /* Pods_petpetSwift.framework in Frameworks */,
			);
			runOnlyForDeploymentPostprocessing = 0;
		};
		100892061E34E24D00702F12 /* Frameworks */ = {
			isa = PBXFrameworksBuildPhase;
			buildActionMask = 2147483647;
			files = (
			);
			runOnlyForDeploymentPostprocessing = 0;
		};
		100892111E34E24D00702F12 /* Frameworks */ = {
			isa = PBXFrameworksBuildPhase;
			buildActionMask = 2147483647;
			files = (
			);
			runOnlyForDeploymentPostprocessing = 0;
		};
/* End PBXFrameworksBuildPhase section */

/* Begin PBXGroup section */
		100891E91E34E24D00702F12 = {
			isa = PBXGroup;
			children = (
				100891F41E34E24D00702F12 /* petpetSwift */,
				1008920C1E34E24D00702F12 /* petpetSwiftTests */,
				100892171E34E24D00702F12 /* petpetSwiftUITests */,
				100891F31E34E24D00702F12 /* Products */,
				11CB23EF59D895D098980EAC /* Pods */,
				AD63811B4FCF72BE7D971601 /* Frameworks */,
			);
			sourceTree = "<group>";
		};
		100891F31E34E24D00702F12 /* Products */ = {
			isa = PBXGroup;
			children = (
				100891F21E34E24D00702F12 /* petpetSwift.app */,
				100892091E34E24D00702F12 /* petpetSwiftTests.xctest */,
				100892141E34E24D00702F12 /* petpetSwiftUITests.xctest */,
			);
			name = Products;
			sourceTree = "<group>";
		};
		100891F41E34E24D00702F12 /* petpetSwift */ = {
			isa = PBXGroup;
			children = (
				100891F51E34E24D00702F12 /* AppDelegate.swift */,
				100891F71E34E24D00702F12 /* ViewController.swift */,
				1082C7C71E34E3C9005F14AC /* networkModule.swift */,
				100891F91E34E24D00702F12 /* Main.storyboard */,
				100891FF1E34E24D00702F12 /* Assets.xcassets */,
				100892011E34E24D00702F12 /* LaunchScreen.storyboard */,
				100892041E34E24D00702F12 /* Info.plist */,
				100891FC1E34E24D00702F12 /* petpetSwift.xcdatamodeld */,
				100892261E34E2F000702F12 /* petpetSwift-Bridging-Header.h */,
			);
			path = petpetSwift;
			sourceTree = "<group>";
		};
		1008920C1E34E24D00702F12 /* petpetSwiftTests */ = {
			isa = PBXGroup;
			children = (
				1008920D1E34E24D00702F12 /* petpetSwiftTests.swift */,
				1008920F1E34E24D00702F12 /* Info.plist */,
			);
			path = petpetSwiftTests;
			sourceTree = "<group>";
		};
		100892171E34E24D00702F12 /* petpetSwiftUITests */ = {
			isa = PBXGroup;
			children = (
				100892181E34E24D00702F12 /* petpetSwiftUITests.swift */,
				1008921A1E34E24D00702F12 /* Info.plist */,
			);
			path = petpetSwiftUITests;
			sourceTree = "<group>";
		};
		11CB23EF59D895D098980EAC /* Pods */ = {
			isa = PBXGroup;
			children = (
				583BD41200A4015436AE0E56 /* Pods-petpetSwift.debug.xcconfig */,
				E3C2F71FE38409B14D2785FD /* Pods-petpetSwift.release.xcconfig */,
			);
			name = Pods;
			sourceTree = "<group>";
		};
		AD63811B4FCF72BE7D971601 /* Frameworks */ = {
			isa = PBXGroup;
			children = (
				C168C9251A1637F335A8ABAF /* Pods_petpetSwift.framework */,
			);
			name = Frameworks;
			sourceTree = "<group>";
		};
/* End PBXGroup section */

/* Begin PBXNativeTarget section */
		100891F11E34E24D00702F12 /* petpetSwift */ = {
			isa = PBXNativeTarget;
			buildConfigurationList = 1008921D1E34E24D00702F12 /* Build configuration list for PBXNativeTarget "petpetSwift" */;
			buildPhases = (
				6D4010F062D755D3459F2BB1 /* [CP] Check Pods Manifest.lock */,
				100891EE1E34E24D00702F12 /* Sources */,
				100891EF1E34E24D00702F12 /* Frameworks */,
				100891F01E34E24D00702F12 /* Resources */,
				E191C23008E92AE987FB6A2F /* [CP] Embed Pods Frameworks */,
				F4A50EEFDAC5EBC5361BC48F /* [CP] Copy Pods Resources */,
			);
			buildRules = (
			);
			dependencies = (
			);
			name = petpetSwift;
			productName = petpetSwift;
			productReference = 100891F21E34E24D00702F12 /* petpetSwift.app */;
			productType = "com.apple.product-type.application";
		};
		100892081E34E24D00702F12 /* petpetSwiftTests */ = {
			isa = PBXNativeTarget;
			buildConfigurationList = 100892201E34E24D00702F12 /* Build configuration list for PBXNativeTarget "petpetSwiftTests" */;
			buildPhases = (
				100892051E34E24D00702F12 /* Sources */,
				100892061E34E24D00702F12 /* Frameworks */,
				100892071E34E24D00702F12 /* Resources */,
			);
			buildRules = (
			);
			dependencies = (
				1008920B1E34E24D00702F12 /* PBXTargetDependency */,
			);
			name = petpetSwiftTests;
			productName = petpetSwiftTests;
			productReference = 100892091E34E24D00702F12 /* petpetSwiftTests.xctest */;
			productType = "com.apple.product-type.bundle.unit-test";
		};
		100892131E34E24D00702F12 /* petpetSwiftUITests */ = {
			isa = PBXNativeTarget;
			buildConfigurationList = 100892231E34E24D00702F12 /* Build configuration list for PBXNativeTarget "petpetSwiftUITests" */;
			buildPhases = (
				100892101E34E24D00702F12 /* Sources */,
				100892111E34E24D00702F12 /* Frameworks */,
				100892121E34E24D00702F12 /* Resources */,
			);
			buildRules = (
			);
			dependencies = (
				100892161E34E24D00702F12 /* PBXTargetDependency */,
			);
			name = petpetSwiftUITests;
			productName = petpetSwiftUITests;
			productReference = 100892141E34E24D00702F12 /* petpetSwiftUITests.xctest */;
			productType = "com.apple.product-type.bundle.ui-testing";
		};
/* End PBXNativeTarget section */

/* Begin PBXProject section */
		100891EA1E34E24D00702F12 /* Project object */ = {
			isa = PBXProject;
			attributes = {
				LastSwiftUpdateCheck = 0820;
				LastUpgradeCheck = 0820;
				ORGANIZATIONNAME = GIGIGUN;
				TargetAttributes = {
					100891F11E34E24D00702F12 = {
						CreatedOnToolsVersion = 8.2.1;
						DevelopmentTeam = 97365M2U5B;
						LastSwiftMigration = 0820;
						ProvisioningStyle = Automatic;
					};
					100892081E34E24D00702F12 = {
						CreatedOnToolsVersion = 8.2.1;
						DevelopmentTeam = 97365M2U5B;
						ProvisioningStyle = Automatic;
						TestTargetID = 100891F11E34E24D00702F12;
					};
					100892131E34E24D00702F12 = {
						CreatedOnToolsVersion = 8.2.1;
						DevelopmentTeam = 97365M2U5B;
						ProvisioningStyle = Automatic;
						TestTargetID = 100891F11E34E24D00702F12;
					};
				};
			};
			buildConfigurationList = 100891ED1E34E24D00702F12 /* Build configuration list for PBXProject "petpetSwift" */;
			compatibilityVersion = "Xcode 3.2";
			developmentRegion = English;
			hasScannedForEncodings = 0;
			knownRegions = (
				en,
				Base,
			);
			mainGroup = 100891E91E34E24D00702F12;
			productRefGroup = 100891F31E34E24D00702F12 /* Products */;
			projectDirPath = "";
			projectRoot = "";
			targets = (
				100891F11E34E24D00702F12 /* petpetSwift */,
				100892081E34E24D00702F12 /* petpetSwiftTests */,
				100892131E34E24D00702F12 /* petpetSwiftUITests */,
			);
		};
/* End PBXProject section */

/* Begin PBXResourcesBuildPhase section */
		100891F01E34E24D00702F12 /* Resources */ = {
			isa = PBXResourcesBuildPhase;
			buildActionMask = 2147483647;
			files = (
				100892031E34E24D00702F12 /* LaunchScreen.storyboard in Resources */,
				100892001E34E24D00702F12 /* Assets.xcassets in Resources */,
				100891FB1E34E24D00702F12 /* Main.storyboard in Resources */,
			);
			runOnlyForDeploymentPostprocessing = 0;
		};
		100892071E34E24D00702F12 /* Resources */ = {
			isa = PBXResourcesBuildPhase;
			buildActionMask = 2147483647;
			files = (
			);
			runOnlyForDeploymentPostprocessing = 0;
		};
		100892121E34E24D00702F12 /* Resources */ = {
			isa = PBXResourcesBuildPhase;
			buildActionMask = 2147483647;
			files = (
			);
			runOnlyForDeploymentPostprocessing = 0;
		};
/* End PBXResourcesBuildPhase section */

/* Begin PBXShellScriptBuildPhase section */
		6D4010F062D755D3459F2BB1 /* [CP] Check Pods Manifest.lock */ = {
			isa = PBXShellScriptBuildPhase;
			buildActionMask = 2147483647;
			files = (
			);
			inputPaths = (
			);
			name = "[CP] Check Pods Manifest.lock";
			outputPaths = (
			);
			runOnlyForDeploymentPostprocessing = 0;
			shellPath = /bin/sh;
			shellScript = "diff \"${PODS_ROOT}/../Podfile.lock\" \"${PODS_ROOT}/Manifest.lock\" > /dev/null\nif [ $? != 0 ] ; then\n    # print error to STDERR\n    echo \"error: The sandbox is not in sync with the Podfile.lock. Run 'pod install' or update your CocoaPods installation.\" >&2\n    exit 1\nfi\n";
			showEnvVarsInLog = 0;
		};
		E191C23008E92AE987FB6A2F /* [CP] Embed Pods Frameworks */ = {
			isa = PBXShellScriptBuildPhase;
			buildActionMask = 2147483647;
			files = (
			);
			inputPaths = (
			);
			name = "[CP] Embed Pods Frameworks";
			outputPaths = (
			);
			runOnlyForDeploymentPostprocessing = 0;
			shellPath = /bin/sh;
			shellScript = "\"${SRCROOT}/Pods/Target Support Files/Pods-petpetSwift/Pods-petpetSwift-frameworks.sh\"\n";
			showEnvVarsInLog = 0;
		};
		F4A50EEFDAC5EBC5361BC48F /* [CP] Copy Pods Resources */ = {
			isa = PBXShellScriptBuildPhase;
			buildActionMask = 2147483647;
			files = (
			);
			inputPaths = (
			);
			name = "[CP] Copy Pods Resources";
			outputPaths = (
			);
			runOnlyForDeploymentPostprocessing = 0;
			shellPath = /bin/sh;
			shellScript = "\"${SRCROOT}/Pods/Target Support Files/Pods-petpetSwift/Pods-petpetSwift-resources.sh\"\n";
			showEnvVarsInLog = 0;
		};
/* End PBXShellScriptBuildPhase section */

/* Begin PBXSourcesBuildPhase section */
		100891EE1E34E24D00702F12 /* Sources */ = {
			isa = PBXSourcesBuildPhase;
			buildActionMask = 2147483647;
			files = (
				100891F81E34E24D00702F12 /* ViewController.swift in Sources */,
				100891FE1E34E24D00702F12 /* petpetSwift.xcdatamodeld in Sources */,
				1082C7C81E34E3C9005F14AC /* networkModule.swift in Sources */,
				100891F61E34E24D00702F12 /* AppDelegate.swift in Sources */,
			);
			runOnlyForDeploymentPostprocessing = 0;
		};
		100892051E34E24D00702F12 /* Sources */ = {
			isa = PBXSourcesBuildPhase;
			buildActionMask = 2147483647;
			files = (
				1008920E1E34E24D00702F12 /* petpetSwiftTests.swift in Sources */,
			);
			runOnlyForDeploymentPostprocessing = 0;
		};
		100892101E34E24D00702F12 /* Sources */ = {
			isa = PBXSourcesBuildPhase;
			buildActionMask = 2147483647;
			files = (
				100892191E34E24D00702F12 /* petpetSwiftUITests.swift in Sources */,
			);
			runOnlyForDeploymentPostprocessing = 0;
		};
/* End PBXSourcesBuildPhase section */

/* Begin PBXTargetDependency section */
		1008920B1E34E24D00702F12 /* PBXTargetDependency */ = {
			isa = PBXTargetDependency;
			target = 100891F11E34E24D00702F12 /* petpetSwift */;
			targetProxy = 1008920A1E34E24D00702F12 /* PBXContainerItemProxy */;
		};
		100892161E34E24D00702F12 /* PBXTargetDependency */ = {
			isa = PBXTargetDependency;
			target = 100891F11E34E24D00702F12 /* petpetSwift */;
			targetProxy = 100892151E34E24D00702F12 /* PBXContainerItemProxy */;
		};
/* End PBXTargetDependency section */

/* Begin PBXVariantGroup section */
		100891F91E34E24D00702F12 /* Main.storyboard */ = {
			isa = PBXVariantGroup;
			children = (
				100891FA1E34E24D00702F12 /* Base */,
			);
			name = Main.storyboard;
			sourceTree = "<group>";
		};
		100892011E34E24D00702F12 /* LaunchScreen.storyboard */ = {
			isa = PBXVariantGroup;
			children = (
				100892021E34E24D00702F12 /* Base */,
			);
			name = LaunchScreen.storyboard;
			sourceTree = "<group>";
		};
/* End PBXVariantGroup section */

/* Begin XCBuildConfiguration section */
		1008921B1E34E24D00702F12 /* Debug */ = {
			isa = XCBuildConfiguration;
			buildSettings = {
				ALWAYS_SEARCH_USER_PATHS = NO;
				CLANG_ANALYZER_NONNULL = YES;
				CLANG_CXX_LANGUAGE_STANDARD = "gnu++0x";
				CLANG_CXX_LIBRARY = "libc++";
				CLANG_ENABLE_MODULES = YES;
				CLANG_ENABLE_OBJC_ARC = YES;
				CLANG_WARN_BOOL_CONVERSION = YES;
				CLANG_WARN_CONSTANT_CONVERSION = YES;
				CLANG_WARN_DIRECT_OBJC_ISA_USAGE = YES_ERROR;
				CLANG_WARN_DOCUMENTATION_COMMENTS = YES;
				CLANG_WARN_EMPTY_BODY = YES;
				CLANG_WARN_ENUM_CONVERSION = YES;
				CLANG_WARN_INFINITE_RECURSION = YES;
				CLANG_WARN_INT_CONVERSION = YES;
				CLANG_WARN_OBJC_ROOT_CLASS = YES_ERROR;
				CLANG_WARN_SUSPICIOUS_MOVE = YES;
				CLANG_WARN_UNREACHABLE_CODE = YES;
				CLANG_WARN__DUPLICATE_METHOD_MATCH = YES;
				"CODE_SIGN_IDENTITY[sdk=iphoneos*]" = "iPhone Developer";
				COPY_PHASE_STRIP = NO;
				DEBUG_INFORMATION_FORMAT = dwarf;
				ENABLE_STRICT_OBJC_MSGSEND = YES;
				ENABLE_TESTABILITY = YES;
				GCC_C_LANGUAGE_STANDARD = gnu99;
				GCC_DYNAMIC_NO_PIC = NO;
				GCC_NO_COMMON_BLOCKS = YES;
				GCC_OPTIMIZATION_LEVEL = 0;
				GCC_PREPROCESSOR_DEFINITIONS = (
					"DEBUG=1",
					"$(inherited)",
				);
				GCC_WARN_64_TO_32_BIT_CONVERSION = YES;
				GCC_WARN_ABOUT_RETURN_TYPE = YES_ERROR;
				GCC_WARN_UNDECLARED_SELECTOR = YES;
				GCC_WARN_UNINITIALIZED_AUTOS = YES_AGGRESSIVE;
				GCC_WARN_UNUSED_FUNCTION = YES;
				GCC_WARN_UNUSED_VARIABLE = YES;
				IPHONEOS_DEPLOYMENT_TARGET = 10.2;
				MTL_ENABLE_DEBUG_INFO = YES;
				ONLY_ACTIVE_ARCH = YES;
				SDKROOT = iphoneos;
				SWIFT_ACTIVE_COMPILATION_CONDITIONS = DEBUG;
				SWIFT_OPTIMIZATION_LEVEL = "-Onone";
			};
			name = Debug;
		};
		1008921C1E34E24D00702F12 /* Release */ = {
			isa = XCBuildConfiguration;
			buildSettings = {
				ALWAYS_SEARCH_USER_PATHS = NO;
				CLANG_ANALYZER_NONNULL = YES;
				CLANG_CXX_LANGUAGE_STANDARD = "gnu++0x";
				CLANG_CXX_LIBRARY = "libc++";
				CLANG_ENABLE_MODULES = YES;
				CLANG_ENABLE_OBJC_ARC = YES;
				CLANG_WARN_BOOL_CONVERSION = YES;
				CLANG_WARN_CONSTANT_CONVERSION = YES;
				CLANG_WARN_DIRECT_OBJC_ISA_USAGE = YES_ERROR;
				CLANG_WARN_DOCUMENTATION_COMMENTS = YES;
				CLANG_WARN_EMPTY_BODY = YES;
				CLANG_WARN_ENUM_CONVERSION = YES;
				CLANG_WARN_INFINITE_RECURSION = YES;
				CLANG_WARN_INT_CONVERSION = YES;
				CLANG_WARN_OBJC_ROOT_CLASS = YES_ERROR;
				CLANG_WARN_SUSPICIOUS_MOVE = YES;
				CLANG_WARN_UNREACHABLE_CODE = YES;
				CLANG_WARN__DUPLICATE_METHOD_MATCH = YES;
				"CODE_SIGN_IDENTITY[sdk=iphoneos*]" = "iPhone Developer";
				COPY_PHASE_STRIP = NO;
				DEBUG_INFORMATION_FORMAT = "dwarf-with-dsym";
				ENABLE_NS_ASSERTIONS = NO;
				ENABLE_STRICT_OBJC_MSGSEND = YES;
				GCC_C_LANGUAGE_STANDARD = gnu99;
				GCC_NO_COMMON_BLOCKS = YES;
				GCC_WARN_64_TO_32_BIT_CONVERSION = YES;
				GCC_WARN_ABOUT_RETURN_TYPE = YES_ERROR;
				GCC_WARN_UNDECLARED_SELECTOR = YES;
				GCC_WARN_UNINITIALIZED_AUTOS = YES_AGGRESSIVE;
				GCC_WARN_UNUSED_FUNCTION = YES;
				GCC_WARN_UNUSED_VARIABLE = YES;
				IPHONEOS_DEPLOYMENT_TARGET = 10.2;
				MTL_ENABLE_DEBUG_INFO = NO;
				SDKROOT = iphoneos;
				SWIFT_OPTIMIZATION_LEVEL = "-Owholemodule";
				VALIDATE_PRODUCT = YES;
			};
			name = Release;
		};
		1008921E1E34E24D00702F12 /* Debug */ = {
			isa = XCBuildConfiguration;
			baseConfigurationReference = 583BD41200A4015436AE0E56 /* Pods-petpetSwift.debug.xcconfig */;
			buildSettings = {
				ASSETCATALOG_COMPILER_APPICON_NAME = AppIcon;
				CLANG_ENABLE_MODULES = YES;
				DEVELOPMENT_TEAM = 97365M2U5B;
				INFOPLIST_FILE = petpetSwift/Info.plist;
				LD_RUNPATH_SEARCH_PATHS = "$(inherited) @executable_path/Frameworks";
				PRODUCT_BUNDLE_IDENTIFIER = HippoColors.petpetSwift;
				PRODUCT_NAME = "$(TARGET_NAME)";
				SWIFT_OBJC_BRIDGING_HEADER = "petpetSwift/petpetSwift-Bridging-Header.h";
				SWIFT_OPTIMIZATION_LEVEL = "-Onone";
				SWIFT_VERSION = 3.0;
			};
			name = Debug;
		};
		1008921F1E34E24D00702F12 /* Release */ = {
			isa = XCBuildConfiguration;
			baseConfigurationReference = E3C2F71FE38409B14D2785FD /* Pods-petpetSwift.release.xcconfig */;
			buildSettings = {
				ASSETCATALOG_COMPILER_APPICON_NAME = AppIcon;
				CLANG_ENABLE_MODULES = YES;
				DEVELOPMENT_TEAM = 97365M2U5B;
				INFOPLIST_FILE = petpetSwift/Info.plist;
				LD_RUNPATH_SEARCH_PATHS = "$(inherited) @executable_path/Frameworks";
				PRODUCT_BUNDLE_IDENTIFIER = HippoColors.petpetSwift;
				PRODUCT_NAME = "$(TARGET_NAME)";
				SWIFT_OBJC_BRIDGING_HEADER = "petpetSwift/petpetSwift-Bridging-Header.h";
				SWIFT_VERSION = 3.0;
			};
			name = Release;
		};
		100892211E34E24D00702F12 /* Debug */ = {
			isa = XCBuildConfiguration;
			buildSettings = {
				ALWAYS_EMBED_SWIFT_STANDARD_LIBRARIES = YES;
				BUNDLE_LOADER = "$(TEST_HOST)";
				DEVELOPMENT_TEAM = 97365M2U5B;
				INFOPLIST_FILE = petpetSwiftTests/Info.plist;
				LD_RUNPATH_SEARCH_PATHS = "$(inherited) @executable_path/Frameworks @loader_path/Frameworks";
				PRODUCT_BUNDLE_IDENTIFIER = HippoColors.petpetSwiftTests;
				PRODUCT_NAME = "$(TARGET_NAME)";
				SWIFT_VERSION = 3.0;
				TEST_HOST = "$(BUILT_PRODUCTS_DIR)/petpetSwift.app/petpetSwift";
			};
			name = Debug;
		};
		100892221E34E24D00702F12 /* Release */ = {
			isa = XCBuildConfiguration;
			buildSettings = {
				ALWAYS_EMBED_SWIFT_STANDARD_LIBRARIES = YES;
				BUNDLE_LOADER = "$(TEST_HOST)";
				DEVELOPMENT_TEAM = 97365M2U5B;
				INFOPLIST_FILE = petpetSwiftTests/Info.plist;
				LD_RUNPATH_SEARCH_PATHS = "$(inherited) @executable_path/Frameworks @loader_path/Frameworks";
				PRODUCT_BUNDLE_IDENTIFIER = HippoColors.petpetSwiftTests;
				PRODUCT_NAME = "$(TARGET_NAME)";
				SWIFT_VERSION = 3.0;
				TEST_HOST = "$(BUILT_PRODUCTS_DIR)/petpetSwift.app/petpetSwift";
			};
			name = Release;
		};
		100892241E34E24D00702F12 /* Debug */ = {
			isa = XCBuildConfiguration;
			buildSettings = {
				ALWAYS_EMBED_SWIFT_STANDARD_LIBRARIES = YES;
				DEVELOPMENT_TEAM = 97365M2U5B;
				INFOPLIST_FILE = petpetSwiftUITests/Info.plist;
				LD_RUNPATH_SEARCH_PATHS = "$(inherited) @executable_path/Frameworks @loader_path/Frameworks";
				PRODUCT_BUNDLE_IDENTIFIER = HippoColors.petpetSwiftUITests;
				PRODUCT_NAME = "$(TARGET_NAME)";
				SWIFT_VERSION = 3.0;
				TEST_TARGET_NAME = petpetSwift;
			};
			name = Debug;
		};
		100892251E34E24D00702F12 /* Release */ = {
			isa = XCBuildConfiguration;
			buildSettings = {
				ALWAYS_EMBED_SWIFT_STANDARD_LIBRARIES = YES;
				DEVELOPMENT_TEAM = 97365M2U5B;
				INFOPLIST_FILE = petpetSwiftUITests/Info.plist;
				LD_RUNPATH_SEARCH_PATHS = "$(inherited) @executable_path/Frameworks @loader_path/Frameworks";
				PRODUCT_BUNDLE_IDENTIFIER = HippoColors.petpetSwiftUITests;
				PRODUCT_NAME = "$(TARGET_NAME)";
				SWIFT_VERSION = 3.0;
				TEST_TARGET_NAME = petpetSwift;
			};
			name = Release;
		};
/* End XCBuildConfiguration section */

/* Begin XCConfigurationList section */
		100891ED1E34E24D00702F12 /* Build configuration list for PBXProject "petpetSwift" */ = {
			isa = XCConfigurationList;
			buildConfigurations = (
				1008921B1E34E24D00702F12 /* Debug */,
				1008921C1E34E24D00702F12 /* Release */,
			);
			defaultConfigurationIsVisible = 0;
			defaultConfigurationName = Release;
		};
		1008921D1E34E24D00702F12 /* Build configuration list for PBXNativeTarget "petpetSwift" */ = {
			isa = XCConfigurationList;
			buildConfigurations = (
				1008921E1E34E24D00702F12 /* Debug */,
				1008921F1E34E24D00702F12 /* Release */,
			);
			defaultConfigurationIsVisible = 0;
			defaultConfigurationName = Release;
		};
		100892201E34E24D00702F12 /* Build configuration list for PBXNativeTarget "petpetSwiftTests" */ = {
			isa = XCConfigurationList;
			buildConfigurations = (
				100892211E34E24D00702F12 /* Debug */,
				100892221E34E24D00702F12 /* Release */,
			);
			defaultConfigurationIsVisible = 0;
			defaultConfigurationName = Release;
		};
		100892231E34E24D00702F12 /* Build configuration list for PBXNativeTarget "petpetSwiftUITests" */ = {
			isa = XCConfigurationList;
			buildConfigurations = (
				100892241E34E24D00702F12 /* Debug */,
				100892251E34E24D00702F12 /* Release */,
			);
			defaultConfigurationIsVisible = 0;
			defaultConfigurationName = Release;
		};
/* End XCConfigurationList section */

/* Begin XCVersionGroup section */
		100891FC1E34E24D00702F12 /* petpetSwift.xcdatamodeld */ = {
			isa = XCVersionGroup;
			children = (
				100891FD1E34E24D00702F12 /* petpetSwift.xcdatamodel */,
			);
			currentVersion = 100891FD1E34E24D00702F12 /* petpetSwift.xcdatamodel */;
			path = petpetSwift.xcdatamodeld;
			sourceTree = "<group>";
			versionGroupType = wrapper.xcdatamodel;
		};
/* End XCVersionGroup section */
	};
	rootObject = 100891EA1E34E24D00702F12 /* Project object */;
}
